{
  "requires": true,
  "lockfileVersion": 1,
  "dependencies": {
    "@iota/bundle": {
      "version": "1.0.0-beta.7",
      "resolved": "https://registry.npmjs.org/@iota/bundle/-/bundle-1.0.0-beta.7.tgz",
      "integrity": "sha512-ZL1TkufdNX20Y/odlql3T+aaWK9P7hcR2d/SUKBU5gQAUD0VrC+P2kaNF+eLTxNVosA7aeSLBcA7I1zOpnD82Q==",
      "requires": {
        "@iota/converter": "^1.0.0-beta.7",
        "@iota/kerl": "^1.0.0-beta.7",
        "@iota/pad": "^1.0.0-beta.7",
        "@iota/signing": "^1.0.0-beta.7"
      }
    },
    "@iota/bundle-validator": {
      "version": "1.0.0-beta.7",
      "resolved": "https://registry.npmjs.org/@iota/bundle-validator/-/bundle-validator-1.0.0-beta.7.tgz",
      "integrity": "sha512-HlB0x/ypfMqNl/7ATqxSv8wGuf8oWov+M2lgWlBHKifr5Y8+j5ltoibHL9E1Eos9F1zqQxHfy3LjZ/AR4nNQDA==",
      "requires": {
        "@iota/converter": "^1.0.0-beta.7",
        "@iota/kerl": "^1.0.0-beta.7",
        "@iota/signing": "^1.0.0-beta.7",
        "@iota/transaction": "^1.0.0-beta.7",
        "@iota/transaction-converter": "^1.0.0-beta.7"
      }
    },
    "@iota/checksum": {
      "version": "1.0.0-beta.7",
      "resolved": "https://registry.npmjs.org/@iota/checksum/-/checksum-1.0.0-beta.7.tgz",
      "integrity": "sha512-hHD6maraCj8QD/w0gPI75vPZ30/sk5S5DE0vW8hSbWqJc6+QATxkvUtqzIgd/e+gWqk7AX4WjErmedjvNl8wiQ==",
      "requires": {
        "@iota/converter": "^1.0.0-beta.7",
        "@iota/kerl": "^1.0.0-beta.7"
      }
    },
    "@iota/converter": {
      "version": "1.0.0-beta.7",
      "resolved": "https://registry.npmjs.org/@iota/converter/-/converter-1.0.0-beta.7.tgz",
      "integrity": "sha512-SYRoRi1VQ94C3/IAURftkaAbVSbfz3hnBt95hH7f3ybW4BffECZ04mgX6uuC1LwT0BwpmLSxfGy6Veih6YPIxQ=="
    },
    "@iota/core": {
      "version": "1.0.0-beta.7",
      "resolved": "https://registry.npmjs.org/@iota/core/-/core-1.0.0-beta.7.tgz",
      "integrity": "sha512-Hr7SJOrtPp5KSjRkyP1EjuS1mL7//Ef7T0MP1q118XxE70v383CzNdGRXiUEOY6SjdWkgZRIvNaQKzd92V8nfA==",
      "requires": {
        "@iota/bundle": "^1.0.0-beta.7",
        "@iota/bundle-validator": "^1.0.0-beta.7",
        "@iota/checksum": "^1.0.0-beta.7",
        "@iota/converter": "^1.0.0-beta.7",
        "@iota/curl": "^1.0.0-beta.7",
        "@iota/http-client": "^1.0.0-beta.7",
        "@iota/kerl": "^1.0.0-beta.7",
        "@iota/pad": "^1.0.0-beta.7",
        "@iota/signing": "^1.0.0-beta.7",
        "@iota/transaction": "^1.0.0-beta.7",
        "@iota/transaction-converter": "^1.0.0-beta.7",
        "@types/bluebird": "^3.5.24",
        "bluebird": "^3.5.1"
      }
    },
    "@iota/curl": {
      "version": "1.0.0-beta.7",
      "resolved": "https://registry.npmjs.org/@iota/curl/-/curl-1.0.0-beta.7.tgz",
      "integrity": "sha512-5PmaJDhv5BMXafhs42ofvqGOXRrZ7BWnkctzMbbOTXVEVICiBPUUTcuxkhVNUWL6BdxAvrgGxqY1XpbID8LBvg=="
    },
    "@iota/curl-remote": {
      "version": "0.0.3",
      "resolved": "https://registry.npmjs.org/@iota/curl-remote/-/curl-remote-0.0.3.tgz",
      "integrity": "sha512-yM8qdJ49P4dP8ppttk6JyzBPCFEQDDD5cScU0q1F+sBr+OrDhIehfgkKscGFDciyPe8xlpHyvDttR+x1czzfeA==",
      "requires": {
        "node-fetch": "^2.0.0"
      }
    },
    "@iota/http-client": {
      "version": "1.0.0-beta.7",
      "resolved": "https://registry.npmjs.org/@iota/http-client/-/http-client-1.0.0-beta.7.tgz",
      "integrity": "sha512-41yME7FwxmmC1aAt6sOAvqky46mfQxmMPDYOKXyiZNg5qf5N4avZQmZ2JfeFY/tu+fZRe3KIwuyyt1sjyDaFpw==",
      "requires": {
        "@types/bluebird": "^3.5.24",
        "bluebird": "^3.5.1",
        "cross-fetch": "^2.2.2"
      }
    },
    "@iota/kerl": {
      "version": "1.0.0-beta.7",
      "resolved": "https://registry.npmjs.org/@iota/kerl/-/kerl-1.0.0-beta.7.tgz",
      "integrity": "sha512-19RQFpM/jIjDoy/D3usPgCRku1Oeo0CVwkTfHQaNUnQ9KFzCV2ZSYVGFRGirZeMjcSPFbap27VqeKYUeW70SkQ==",
      "requires": {
        "@types/crypto-js": "^3.1.38",
        "crypto-js": "^3.1.9-1"
      }
    },
    "@iota/pad": {
      "version": "1.0.0-beta.7",
      "resolved": "https://registry.npmjs.org/@iota/pad/-/pad-1.0.0-beta.7.tgz",
      "integrity": "sha512-u/DiY/5OgOlXd8qQ6jJisgZ1VTQMEk1B6ij4bALIH8BSCvzam6WF2CSO4spogTJ06P7A+3+Ljn083Lrd/tyhFA=="
    },
    "@iota/signing": {
      "version": "1.0.0-beta.7",
      "resolved": "https://registry.npmjs.org/@iota/signing/-/signing-1.0.0-beta.7.tgz",
      "integrity": "sha512-mWJCIfKQD6gOIT4CXe7wuTOnmRt3Te8wk1cEpqPkDlZESXP04XJc8aq8gkPdGnK31zaO/+98o0LYBa8tNU9gxA==",
      "requires": {
        "@iota/converter": "^1.0.0-beta.7",
        "@iota/kerl": "^1.0.0-beta.7",
        "@iota/pad": "^1.0.0-beta.7"
      }
    },
    "@iota/transaction": {
      "version": "1.0.0-beta.7",
      "resolved": "https://registry.npmjs.org/@iota/transaction/-/transaction-1.0.0-beta.7.tgz",
      "integrity": "sha512-IsYCC7diAp6hQIGGSKRHjSRh8FVv0wIvGqXpIStMMHDyCzMdEsHJtYVhdcVkn8URjUP/qPYMRxcKL0UwWjcsbA==",
      "requires": {
        "@iota/converter": "^1.0.0-beta.7",
        "@iota/curl": "^1.0.0-beta.7"
      }
    },
    "@iota/transaction-converter": {
      "version": "1.0.0-beta.7",
      "resolved": "https://registry.npmjs.org/@iota/transaction-converter/-/transaction-converter-1.0.0-beta.7.tgz",
      "integrity": "sha512-6bP9rHkyFAjAMI5s9hLtPXepH2rIo5MhM3SQjq3q7VrTgcUrKzTLbcX8aBmxVKhJKhKO4zFNls8syQDAuQckkA==",
      "requires": {
        "@iota/converter": "^1.0.0-beta.7",
        "@iota/pad": "^1.0.0-beta.7",
        "@iota/transaction": "^1.0.0-beta.7"
      }
    },
    "@types/bluebird": {
      "version": "3.5.24",
      "resolved": "https://registry.npmjs.org/@types/bluebird/-/bluebird-3.5.24.tgz",
      "integrity": "sha512-YeQoDpq4Lm8ppSBqAnAeF/xy1cYp/dMTif2JFcvmAbETMRlvKHT2iLcWu+WyYiJO3b3Ivokwo7EQca/xfLVJmg=="
    },
    "@types/crypto-js": {
      "version": "3.1.43",
      "resolved": "https://registry.npmjs.org/@types/crypto-js/-/crypto-js-3.1.43.tgz",
      "integrity": "sha512-EHe/YKctU3IYNBsDmSOPX/7jLHPRlx8WaiDKSY9JCTnJ8XJeM4c0ZJvx+9Gxmr2s2ihI92R+3U/gNL1sq5oRuQ=="
    },
    "bluebird": {
      "version": "3.5.3",
      "resolved": "https://registry.npmjs.org/bluebird/-/bluebird-3.5.3.tgz",
      "integrity": "sha512-/qKPUQlaW1OyR51WeCPBvRnAlnZFUJkCSG5HzGnuIqhgyJtF+T94lFnn33eiazjRm2LAHVy2guNnaq48X9SJuw=="
    },
    "cross-fetch": {
      "version": "2.2.3",
      "resolved": "https://registry.npmjs.org/cross-fetch/-/cross-fetch-2.2.3.tgz",
      "integrity": "sha512-PrWWNH3yL2NYIb/7WF/5vFG3DCQiXDOVf8k3ijatbrtnwNuhMWLC7YF7uqf53tbTFDzHIUD8oITw4Bxt8ST3Nw==",
      "requires": {
        "node-fetch": "2.1.2",
        "whatwg-fetch": "2.0.4"
      }
    },
    "crypto-js": {
      "version": "3.1.9-1",
      "resolved": "https://registry.npmjs.org/crypto-js/-/crypto-js-3.1.9-1.tgz",
      "integrity": "sha1-/aGedh/Ad+Af+/3G6f38WeiAbNg="
    },
    "node-fetch": {
      "version": "2.1.2",
      "resolved": "http://registry.npmjs.org/node-fetch/-/node-fetch-2.1.2.tgz",
      "integrity": "sha1-q4hOjn5X44qUR1POxwb3iNF2i7U="
    },
    "whatwg-fetch": {
      "version": "2.0.4",
      "resolved": "http://registry.npmjs.org/whatwg-fetch/-/whatwg-fetch-2.0.4.tgz",
      "integrity": "sha512-dcQ1GWpOD/eEQ97k66aiEVpNnapVj90/+R+SXTPYGHpYBBypfKJEQjLrvMZ7YXbKm21gXd4NcuxUTjiv1YtLng=="
    }
  }
}
